
Microsoft Visual Studio Solution File, Format Version 12.00
# Visual Studio Version 17
VisualStudioVersion = 17.7.34003.232
MinimumVisualStudioVersion = 10.0.40219.1
Project("{9A19103F-16F7-4668-BE54-9A1E7A4F7556}") = "ProgressBarSample", "ProgressBarSample.csproj", "{428C9BA9-F4D6-404B-B110-BC7711531460}"
EndProject
Project("{FAE04EC0-301F-11D3-BF4B-00C04F79EFBC}") = "ProgressBar.Maui", "..\..\src\ProgressBar.Maui\ProgressBar.Maui.csproj", "{DD49DF2B-5AAA-4322-A8F8-719CAD4967A1}"
EndProject
Global
	GlobalSection(SolutionConfigurationPlatforms) = preSolution
		Debug|Any CPU = Debug|Any CPU
		Release|Any CPU = Release|Any CPU
	EndGlobalSection
	GlobalSection(ProjectConfigurationPlatforms) = postSolution
		{428C9BA9-F4D6-404B-B110-BC7711531460}.Debug|Any CPU.ActiveCfg = Debug|Any CPU
		{428C9BA9-F4D6-404B-B110-BC7711531460}.Debug|Any CPU.Build.0 = Debug|Any CPU
		{428C9BA9-F4D6-404B-B110-BC7711531460}.Debug|Any CPU.Deploy.0 = Debug|Any CPU
		{428C9BA9-F4D6-404B-B110-BC7711531460}.Release|Any CPU.ActiveCfg = Release|Any CPU
		{428C9BA9-F4D6-404B-B110-BC7711531460}.Release|Any CPU.Build.0 = Release|Any CPU
		{428C9BA9-F4D6-404B-B110-BC7711531460}.Release|Any CPU.Deploy.0 = Release|Any CPU
		{DD49DF2B-5AAA-4322-A8F8-719CAD4967A1}.Debug|Any CPU.ActiveCfg = Debug|Any CPU
		{DD49DF2B-5AAA-4322-A8F8-719CAD4967A1}.Debug|Any CPU.Build.0 = Debug|Any CPU
		{DD49DF2B-5AAA-4322-A8F8-719CAD4967A1}.Release|Any CPU.ActiveCfg = Release|Any CPU
		{DD49DF2B-5AAA-4322-A8F8-719CAD4967A1}.Release|Any CPU.Build.0 = Release|Any CPU
	EndGlobalSection
	GlobalSection(SolutionProperties) = preSolution
		HideSolutionNode = FALSE
	EndGlobalSection
	GlobalSection(ExtensibilityGlobals) = postSolution
		SolutionGuid = {70B13B22-E6FC-4228-A0DD-5A513B07351F}
	EndGlobalSection
EndGlobal
